// !$*UTF8*$!
{
	archiveVersion = 1;
	classes = {
	};
	objectVersion = 46;
	objects = {

/* Begin PBXBuildFile section */
		EC3EC4C818E710DC00FE54BE /* Foundation.framework in Frameworks */ = {isa = PBXBuildFile; fileRef = EC3EC4C718E710DC00FE54BE /* Foundation.framework */; };
		EC3EC4CA18E710DC00FE54BE /* CoreGraphics.framework in Frameworks */ = {isa = PBXBuildFile; fileRef = EC3EC4C918E710DC00FE54BE /* CoreGraphics.framework */; };
		EC3EC4CC18E710DC00FE54BE /* UIKit.framework in Frameworks */ = {isa = PBXBuildFile; fileRef = EC3EC4CB18E710DC00FE54BE /* UIKit.framework */; };
		EC3EC4CE18E710DC00FE54BE /* SpriteKit.framework in Frameworks */ = {isa = PBXBuildFile; fileRef = EC3EC4CD18E710DC00FE54BE /* SpriteKit.framework */; };
		EC3EC4D418E710DC00FE54BE /* InfoPlist.strings in Resources */ = {isa = PBXBuildFile; fileRef = EC3EC4D218E710DC00FE54BE /* InfoPlist.strings */; };
		EC3EC4D618E710DC00FE54BE /* main.m in Sources */ = {isa = PBXBuildFile; fileRef = EC3EC4D518E710DC00FE54BE /* main.m */; };
		EC3EC4DA18E710DC00FE54BE /* AppDelegate.m in Sources */ = {isa = PBXBuildFile; fileRef = EC3EC4D918E710DC00FE54BE /* AppDelegate.m */; };
		EC3EC4DD18E710DC00FE54BE /* Main_iPhone.storyboard in Resources */ = {isa = PBXBuildFile; fileRef = EC3EC4DB18E710DC00FE54BE /* Main_iPhone.storyboard */; };
		EC3EC4E018E710DC00FE54BE /* Main_iPad.storyboard in Resources */ = {isa = PBXBuildFile; fileRef = EC3EC4DE18E710DC00FE54BE /* Main_iPad.storyboard */; };
		EC3EC4E318E710DC00FE54BE /* ViewController.m in Sources */ = {isa = PBXBuildFile; fileRef = EC3EC4E218E710DC00FE54BE /* ViewController.m */; };
		EC3EC4E618E710DC00FE54BE /* MyScene.m in Sources */ = {isa = PBXBuildFile; fileRef = EC3EC4E518E710DC00FE54BE /* MyScene.m */; };
		EC3EC4E818E710DC00FE54BE /* Spaceship.png in Resources */ = {isa = PBXBuildFile; fileRef = EC3EC4E718E710DC00FE54BE /* Spaceship.png */; };
		EC3EC4EA18E710DC00FE54BE /* Images.xcassets in Resources */ = {isa = PBXBuildFile; fileRef = EC3EC4E918E710DC00FE54BE /* Images.xcassets */; };
		EC3EC4F118E710DC00FE54BE /* XCTest.framework in Frameworks */ = {isa = PBXBuildFile; fileRef = EC3EC4F018E710DC00FE54BE /* XCTest.framework */; };
		EC3EC4F218E710DC00FE54BE /* Foundation.framework in Frameworks */ = {isa = PBXBuildFile; fileRef = EC3EC4C718E710DC00FE54BE /* Foundation.framework */; };
		EC3EC4F318E710DC00FE54BE /* UIKit.framework in Frameworks */ = {isa = PBXBuildFile; fileRef = EC3EC4CB18E710DC00FE54BE /* UIKit.framework */; };
		EC3EC4FB18E710DC00FE54BE /* InfoPlist.strings in Resources */ = {isa = PBXBuildFile; fileRef = EC3EC4F918E710DC00FE54BE /* InfoPlist.strings */; };
		EC3EC4FD18E710DC00FE54BE /* QconGameTests.m in Sources */ = {isa = PBXBuildFile; fileRef = EC3EC4FC18E710DC00FE54BE /* QconGameTests.m */; };
/* End PBXBuildFile section */

/* Begin PBXContainerItemProxy section */
		EC3EC4F418E710DC00FE54BE /* PBXContainerItemProxy */ = {
			isa = PBXContainerItemProxy;
			containerPortal = EC3EC4BC18E710DC00FE54BE /* Project object */;
			proxyType = 1;
			remoteGlobalIDString = EC3EC4C318E710DC00FE54BE;
			remoteInfo = QconGame;
		};
/* End PBXContainerItemProxy section */

/* Begin PBXFileReference section */
		EC3EC4C418E710DC00FE54BE /* QconGame.app */ = {isa = PBXFileReference; explicitFileType = wrapper.application; includeInIndex = 0; path = QconGame.app; sourceTree = BUILT_PRODUCTS_DIR; };
		EC3EC4C718E710DC00FE54BE /* Foundation.framework */ = {isa = PBXFileReference; lastKnownFileType = wrapper.framework; name = Foundation.framework; path = System/Library/Frameworks/Foundation.framework; sourceTree = SDKROOT; };
		EC3EC4C918E710DC00FE54BE /* CoreGraphics.framework */ = {isa = PBXFileReference; lastKnownFileType = wrapper.framework; name = CoreGraphics.framework; path = System/Library/Frameworks/CoreGraphics.framework; sourceTree = SDKROOT; };
		EC3EC4CB18E710DC00FE54BE /* UIKit.framework */ = {isa = PBXFileReference; lastKnownFileType = wrapper.framework; name = UIKit.framework; path = System/Library/Frameworks/UIKit.framework; sourceTree = SDKROOT; };
		EC3EC4CD18E710DC00FE54BE /* SpriteKit.framework */ = {isa = PBXFileReference; lastKnownFileType = wrapper.framework; name = SpriteKit.framework; path = System/Library/Frameworks/SpriteKit.framework; sourceTree = SDKROOT; };
		EC3EC4D118E710DC00FE54BE /* QconGame-Info.plist */ = {isa = PBXFileReference; lastKnownFileType = text.plist.xml; path = "QconGame-Info.plist"; sourceTree = "<group>"; };
		EC3EC4D318E710DC00FE54BE /* en */ = {isa = PBXFileReference; lastKnownFileType = text.plist.strings; name = en; path = en.lproj/InfoPlist.strings; sourceTree = "<group>"; };
		EC3EC4D518E710DC00FE54BE /* main.m */ = {isa = PBXFileReference; lastKnownFileType = sourcecode.c.objc; path = main.m; sourceTree = "<group>"; };
		EC3EC4D718E710DC00FE54BE /* QconGame-Prefix.pch */ = {isa = PBXFileReference; lastKnownFileType = sourcecode.c.h; path = "QconGame-Prefix.pch"; sourceTree = "<group>"; };
		EC3EC4D818E710DC00FE54BE /* AppDelegate.h */ = {isa = PBXFileReference; lastKnownFileType = sourcecode.c.h; path = AppDelegate.h; sourceTree = "<group>"; };
		EC3EC4D918E710DC00FE54BE /* AppDelegate.m */ = {isa = PBXFileReference; lastKnownFileType = sourcecode.c.objc; path = AppDelegate.m; sourceTree = "<group>"; };
		EC3EC4DC18E710DC00FE54BE /* Base */ = {isa = PBXFileReference; lastKnownFileType = file.storyboard; name = Base; path = Base.lproj/Main_iPhone.storyboard; sourceTree = "<group>"; };
		EC3EC4DF18E710DC00FE54BE /* Base */ = {isa = PBXFileReference; lastKnownFileType = file.storyboard; name = Base; path = Base.lproj/Main_iPad.storyboard; sourceTree = "<group>"; };
		EC3EC4E118E710DC00FE54BE /* ViewController.h */ = {isa = PBXFileReference; lastKnownFileType = sourcecode.c.h; path = ViewController.h; sourceTree = "<group>"; };
		EC3EC4E218E710DC00FE54BE /* ViewController.m */ = {isa = PBXFileReference; lastKnownFileType = sourcecode.c.objc; path = ViewController.m; sourceTree = "<group>"; };
		EC3EC4E418E710DC00FE54BE /* MyScene.h */ = {isa = PBXFileReference; lastKnownFileType = sourcecode.c.h; path = MyScene.h; sourceTree = "<group>"; };
		EC3EC4E518E710DC00FE54BE /* MyScene.m */ = {isa = PBXFileReference; lastKnownFileType = sourcecode.c.objc; path = MyScene.m; sourceTree = "<group>"; };
		EC3EC4E718E710DC00FE54BE /* Spaceship.png */ = {isa = PBXFileReference; lastKnownFileType = image.png; path = Spaceship.png; sourceTree = "<group>"; };
		EC3EC4E918E710DC00FE54BE /* Images.xcassets */ = {isa = PBXFileReference; lastKnownFileType = folder.assetcatalog; path = Images.xcassets; sourceTree = "<group>"; };
		EC3EC4EF18E710DC00FE54BE /* QconGameTests.xctest */ = {isa = PBXFileReference; explicitFileType = wrapper.cfbundle; includeInIndex = 0; path = QconGameTests.xctest; sourceTree = BUILT_PRODUCTS_DIR; };
		EC3EC4F018E710DC00FE54BE /* XCTest.framework */ = {isa = PBXFileReference; lastKnownFileType = wrapper.framework; name = XCTest.framework; path = Library/Frameworks/XCTest.framework; sourceTree = DEVELOPER_DIR; };
		EC3EC4F818E710DC00FE54BE /* QconGameTests-Info.plist */ = {isa = PBXFileReference; lastKnownFileType = text.plist.xml; path = "QconGameTests-Info.plist"; sourceTree = "<group>"; };
		EC3EC4FA18E710DC00FE54BE /* en */ = {isa = PBXFileReference; lastKnownFileType = text.plist.strings; name = en; path = en.lproj/InfoPlist.strings; sourceTree = "<group>"; };
		EC3EC4FC18E710DC00FE54BE /* QconGameTests.m */ = {isa = PBXFileReference; lastKnownFileType = sourcecode.c.objc; path = QconGameTests.m; sourceTree = "<group>"; };
/* End PBXFileReference section */

/* Begin PBXFrameworksBuildPhase section */
		EC3EC4C118E710DC00FE54BE /* Frameworks */ = {
			isa = PBXFrameworksBuildPhase;
			buildActionMask = 2147483647;
			files = (
				EC3EC4CA18E710DC00FE54BE /* CoreGraphics.framework in Frameworks */,
				EC3EC4CC18E710DC00FE54BE /* UIKit.framework in Frameworks */,
				EC3EC4CE18E710DC00FE54BE /* SpriteKit.framework in Frameworks */,
				EC3EC4C818E710DC00FE54BE /* Foundation.framework in Frameworks */,
			);
			runOnlyForDeploymentPostprocessing = 0;
		};
		EC3EC4EC18E710DC00FE54BE /* Frameworks */ = {
			isa = PBXFrameworksBuildPhase;
			buildActionMask = 2147483647;
			files = (
				EC3EC4F118E710DC00FE54BE /* XCTest.framework in Frameworks */,
				EC3EC4F318E710DC00FE54BE /* UIKit.framework in Frameworks */,
				EC3EC4F218E710DC00FE54BE /* Foundation.framework in Frameworks */,
			);
			runOnlyForDeploymentPostprocessing = 0;
		};
/* End PBXFrameworksBuildPhase section */

/* Begin PBXGroup section */
		EC3EC4BB18E710DC00FE54BE = {
			isa = PBXGroup;
			children = (
				EC3EC4CF18E710DC00FE54BE /* QconGame */,
				EC3EC4F618E710DC00FE54BE /* QconGameTests */,
				EC3EC4C618E710DC00FE54BE /* Frameworks */,
				EC3EC4C518E710DC00FE54BE /* Products */,
			);
			sourceTree = "<group>";
		};
		EC3EC4C518E710DC00FE54BE /* Products */ = {
			isa = PBXGroup;
			children = (
				EC3EC4C418E710DC00FE54BE /* QconGame.app */,
				EC3EC4EF18E710DC00FE54BE /* QconGameTests.xctest */,
			);
			name = Products;
			sourceTree = "<group>";
		};
		EC3EC4C618E710DC00FE54BE /* Frameworks */ = {
			isa = PBXGroup;
			children = (
				EC3EC4C718E710DC00FE54BE /* Foundation.framework */,
				EC3EC4C918E710DC00FE54BE /* CoreGraphics.framework */,
				EC3EC4CB18E710DC00FE54BE /* UIKit.framework */,
				EC3EC4CD18E710DC00FE54BE /* SpriteKit.framework */,
				EC3EC4F018E710DC00FE54BE /* XCTest.framework */,
			);
			name = Frameworks;
			sourceTree = "<group>";
		};
		EC3EC4CF18E710DC00FE54BE /* QconGame */ = {
			isa = PBXGroup;
			children = (
				EC3EC4D818E710DC00FE54BE /* AppDelegate.h */,
				EC3EC4D918E710DC00FE54BE /* AppDelegate.m */,
				EC3EC4DB18E710DC00FE54BE /* Main_iPhone.storyboard */,
				EC3EC4DE18E710DC00FE54BE /* Main_iPad.storyboard */,
				EC3EC4E118E710DC00FE54BE /* ViewController.h */,
				EC3EC4E218E710DC00FE54BE /* ViewController.m */,
				EC3EC4E418E710DC00FE54BE /* MyScene.h */,
				EC3EC4E518E710DC00FE54BE /* MyScene.m */,
				EC3EC4E718E710DC00FE54BE /* Spaceship.png */,
				EC3EC4E918E710DC00FE54BE /* Images.xcassets */,
				EC3EC4D018E710DC00FE54BE /* Supporting Files */,
			);
			path = QconGame;
			sourceTree = "<group>";
		};
		EC3EC4D018E710DC00FE54BE /* Supporting Files */ = {
			isa = PBXGroup;
			children = (
				EC3EC4D118E710DC00FE54BE /* QconGame-Info.plist */,
				EC3EC4D218E710DC00FE54BE /* InfoPlist.strings */,
				EC3EC4D518E710DC00FE54BE /* main.m */,
				EC3EC4D718E710DC00FE54BE /* QconGame-Prefix.pch */,
			);
			name = "Supporting Files";
			sourceTree = "<group>";
		};
		EC3EC4F618E710DC00FE54BE /* QconGameTests */ = {
			isa = PBXGroup;
			children = (
				EC3EC4FC18E710DC00FE54BE /* QconGameTests.m */,
				EC3EC4F718E710DC00FE54BE /* Supporting Files */,
			);
			path = QconGameTests;
			sourceTree = "<group>";
		};
		EC3EC4F718E710DC00FE54BE /* Supporting Files */ = {
			isa = PBXGroup;
			children = (
				EC3EC4F818E710DC00FE54BE /* QconGameTests-Info.plist */,
				EC3EC4F918E710DC00FE54BE /* InfoPlist.strings */,
			);
			name = "Supporting Files";
			sourceTree = "<group>";
		};
/* End PBXGroup section */

/* Begin PBXNativeTarget section */
		EC3EC4C318E710DC00FE54BE /* QconGame */ = {
			isa = PBXNativeTarget;
			buildConfigurationList = EC3EC50018E710DC00FE54BE /* Build configuration list for PBXNativeTarget "QconGame" */;
			buildPhases = (
				EC3EC4C018E710DC00FE54BE /* Sources */,
				EC3EC4C118E710DC00FE54BE /* Frameworks */,
				EC3EC4C218E710DC00FE54BE /* Resources */,
			);
			buildRules = (
			);
			dependencies = (
			);
			name = QconGame;
			productName = QconGame;
			productReference = EC3EC4C418E710DC00FE54BE /* QconGame.app */;
			productType = "com.apple.product-type.application";
		};
		EC3EC4EE18E710DC00FE54BE /* QconGameTests */ = {
			isa = PBXNativeTarget;
			buildConfigurationList = EC3EC50318E710DC00FE54BE /* Build configuration list for PBXNativeTarget "QconGameTests" */;
			buildPhases = (
				EC3EC4EB18E710DC00FE54BE /* Sources */,
				EC3EC4EC18E710DC00FE54BE /* Frameworks */,
				EC3EC4ED18E710DC00FE54BE /* Resources */,
			);
			buildRules = (
			);
			dependencies = (
				EC3EC4F518E710DC00FE54BE /* PBXTargetDependency */,
			);
			name = QconGameTests;
			productName = QconGameTests;
			productReference = EC3EC4EF18E710DC00FE54BE /* QconGameTests.xctest */;
			productType = "com.apple.product-type.bundle.unit-test";
		};
/* End PBXNativeTarget section */

/* Begin PBXProject section */
		EC3EC4BC18E710DC00FE54BE /* Project object */ = {
			isa = PBXProject;
			attributes = {
				LastUpgradeCheck = 0510;
				ORGANIZATIONNAME = "CI&T";
				TargetAttributes = {
					EC3EC4EE18E710DC00FE54BE = {
						TestTargetID = EC3EC4C318E710DC00FE54BE;
					};
				};
			};
			buildConfigurationList = EC3EC4BF18E710DC00FE54BE /* Build configuration list for PBXProject "QconGame" */;
			compatibilityVersion = "Xcode 3.2";
			developmentRegion = English;
			hasScannedForEncodings = 0;
			knownRegions = (
				en,
				Base,
			);
			mainGroup = EC3EC4BB18E710DC00FE54BE;
			productRefGroup = EC3EC4C518E710DC00FE54BE /* Products */;
			projectDirPath = "";
			projectRoot = "";
			targets = (
				EC3EC4C318E710DC00FE54BE /* QconGame */,
				EC3EC4EE18E710DC00FE54BE /* QconGameTests */,
			);
		};
/* End PBXProject section */

/* Begin PBXResourcesBuildPhase section */
		EC3EC4C218E710DC00FE54BE /* Resources */ = {
			isa = PBXResourcesBuildPhase;
			buildActionMask = 2147483647;
			files = (
				EC3EC4E818E710DC00FE54BE /* Spaceship.png in Resources */,
				EC3EC4EA18E710DC00FE54BE /* Images.xcassets in Resources */,
				EC3EC4E018E710DC00FE54BE /* Main_iPad.storyboard in Resources */,
				EC3EC4DD18E710DC00FE54BE /* Main_iPhone.storyboard in Resources */,
				EC3EC4D418E710DC00FE54BE /* InfoPlist.strings in Resources */,
			);
			runOnlyForDeploymentPostprocessing = 0;
		};
		EC3EC4ED18E710DC00FE54BE /* Resources */ = {
			isa = PBXResourcesBuildPhase;
			buildActionMask = 2147483647;
			files = (
				EC3EC4FB18E710DC00FE54BE /* InfoPlist.strings in Resources */,
			);
			runOnlyForDeploymentPostprocessing = 0;
		};
/* End PBXResourcesBuildPhase section */

/* Begin PBXSourcesBuildPhase section */
		EC3EC4C018E710DC00FE54BE /* Sources */ = {
			isa = PBXSourcesBuildPhase;
			buildActionMask = 2147483647;
			files = (
				EC3EC4E618E710DC00FE54BE /* MyScene.m in Sources */,
				EC3EC4E318E710DC00FE54BE /* ViewController.m in Sources */,
				EC3EC4DA18E710DC00FE54BE /* AppDelegate.m in Sources */,
				EC3EC4D618E710DC00FE54BE /* main.m in Sources */,
			);
			runOnlyForDeploymentPostprocessing = 0;
		};
		EC3EC4EB18E710DC00FE54BE /* Sources */ = {
			isa = PBXSourcesBuildPhase;
			buildActionMask = 2147483647;
			files = (
				EC3EC4FD18E710DC00FE54BE /* QconGameTests.m in Sources */,
			);
			runOnlyForDeploymentPostprocessing = 0;
		};
/* End PBXSourcesBuildPhase section */

/* Begin PBXTargetDependency section */
		EC3EC4F518E710DC00FE54BE /* PBXTargetDependency */ = {
			isa = PBXTargetDependency;
			target = EC3EC4C318E710DC00FE54BE /* QconGame */;
			targetProxy = EC3EC4F418E710DC00FE54BE /* PBXContainerItemProxy */;
		};
/* End PBXTargetDependency section */

/* Begin PBXVariantGroup section */
		EC3EC4D218E710DC00FE54BE /* InfoPlist.strings */ = {
			isa = PBXVariantGroup;
			children = (
				EC3EC4D318E710DC00FE54BE /* en */,
			);
			name = InfoPlist.strings;
			sourceTree = "<group>";
		};
		EC3EC4DB18E710DC00FE54BE /* Main_iPhone.storyboard */ = {
			isa = PBXVariantGroup;
			children = (
				EC3EC4DC18E710DC00FE54BE /* Base */,
			);
			name = Main_iPhone.storyboard;
			sourceTree = "<group>";
		};
		EC3EC4DE18E710DC00FE54BE /* Main_iPad.storyboard */ = {
			isa = PBXVariantGroup;
			children = (
				EC3EC4DF18E710DC00FE54BE /* Base */,
			);
			name = Main_iPad.storyboard;
			sourceTree = "<group>";
		};
		EC3EC4F918E710DC00FE54BE /* InfoPlist.strings */ = {
			isa = PBXVariantGroup;
			children = (
				EC3EC4FA18E710DC00FE54BE /* en */,
			);
			name = InfoPlist.strings;
			sourceTree = "<group>";
		};
/* End PBXVariantGroup section */

/* Begin XCBuildConfiguration section */
		EC3EC4FE18E710DC00FE54BE /* Debug */ = {
			isa = XCBuildConfiguration;
			buildSettings = {
				ALWAYS_SEARCH_USER_PATHS = NO;
				CLANG_CXX_LANGUAGE_STANDARD = "gnu++0x";
				CLANG_CXX_LIBRARY = "libc++";
				CLANG_ENABLE_MODULES = YES;
				CLANG_ENABLE_OBJC_ARC = YES;
				CLANG_WARN_BOOL_CONVERSION = YES;
				CLANG_WARN_CONSTANT_CONVERSION = YES;
				CLANG_WARN_DIRECT_OBJC_ISA_USAGE = YES_ERROR;
				CLANG_WARN_EMPTY_BODY = YES;
				CLANG_WARN_ENUM_CONVERSION = YES;
				CLANG_WARN_INT_CONVERSION = YES;
				CLANG_WARN_OBJC_ROOT_CLASS = YES_ERROR;
				CLANG_WARN__DUPLICATE_METHOD_MATCH = YES;
				"CODE_SIGN_IDENTITY[sdk=iphoneos*]" = "iPhone Developer";
				COPY_PHASE_STRIP = NO;
				GCC_C_LANGUAGE_STANDARD = gnu99;
				GCC_DYNAMIC_NO_PIC = NO;
				GCC_OPTIMIZATION_LEVEL = 0;
				GCC_PREPROCESSOR_DEFINITIONS = (
					"DEBUG=1",
					"$(inherited)",
				);
				GCC_SYMBOLS_PRIVATE_EXTERN = NO;
				GCC_WARN_64_TO_32_BIT_CONVERSION = YES;
				GCC_WARN_ABOUT_RETURN_TYPE = YES_ERROR;
				GCC_WARN_UNDECLARED_SELECTOR = YES;
				GCC_WARN_UNINITIALIZED_AUTOS = YES_AGGRESSIVE;
				GCC_WARN_UNUSED_FUNCTION = YES;
				GCC_WARN_UNUSED_VARIABLE = YES;
				IPHONEOS_DEPLOYMENT_TARGET = 7.1;
				ONLY_ACTIVE_ARCH = YES;
				SDKROOT = iphoneos;
				TARGETED_DEVICE_FAMILY = "1,2";
			};
			name = Debug;
		};
		EC3EC4FF18E710DC00FE54BE /* Release */ = {
			isa = XCBuildConfiguration;
			buildSettings = {
				ALWAYS_SEARCH_USER_PATHS = NO;
				CLANG_CXX_LANGUAGE_STANDARD = "gnu++0x";
				CLANG_CXX_LIBRARY = "libc++";
				CLANG_ENABLE_MODULES = YES;
				CLANG_ENABLE_OBJC_ARC = YES;
				CLANG_WARN_BOOL_CONVERSION = YES;
				CLANG_WARN_CONSTANT_CONVERSION = YES;
				CLANG_WARN_DIRECT_OBJC_ISA_USAGE = YES_ERROR;
				CLANG_WARN_EMPTY_BODY = YES;
				CLANG_WARN_ENUM_CONVERSION = YES;
				CLANG_WARN_INT_CONVERSION = YES;
				CLANG_WARN_OBJC_ROOT_CLASS = YES_ERROR;
				CLANG_WARN__DUPLICATE_METHOD_MATCH = YES;
				"CODE_SIGN_IDENTITY[sdk=iphoneos*]" = "iPhone Developer";
				COPY_PHASE_STRIP = YES;
				ENABLE_NS_ASSERTIONS = NO;
				GCC_C_LANGUAGE_STANDARD = gnu99;
				GCC_WARN_64_TO_32_BIT_CONVERSION = YES;
				GCC_WARN_ABOUT_RETURN_TYPE = YES_ERROR;
				GCC_WARN_UNDECLARED_SELECTOR = YES;
				GCC_WARN_UNINITIALIZED_AUTOS = YES_AGGRESSIVE;
				GCC_WARN_UNUSED_FUNCTION = YES;
				GCC_WARN_UNUSED_VARIABLE = YES;
				IPHONEOS_DEPLOYMENT_TARGET = 7.1;
				SDKROOT = iphoneos;
				TARGETED_DEVICE_FAMILY = "1,2";
				VALIDATE_PRODUCT = YES;
			};
			name = Release;
		};
		EC3EC50118E710DC00FE54BE /* Debug */ = {
			isa = XCBuildConfiguration;
			buildSettings = {
				ASSETCATALOG_COMPILER_APPICON_NAME = AppIcon;
				ASSETCATALOG_COMPILER_LAUNCHIMAGE_NAME = LaunchImage;
				GCC_PRECOMPILE_PREFIX_HEADER = YES;
				GCC_PREFIX_HEADER = "QconGame/QconGame-Prefix.pch";
				INFOPLIST_FILE = "QconGame/QconGame-Info.plist";
				PRODUCT_NAME = "$(TARGET_NAME)";
				SPRITEKIT_TEXTURE_ATLAS_OUTPUT = YES;
				WRAPPER_EXTENSION = app;
			};
			name = Debug;
		};
		EC3EC50218E710DC00FE54BE /* Release */ = {
			isa = XCBuildConfiguration;
			buildSettings = {
				ASSETCATALOG_COMPILER_APPICON_NAME = AppIcon;
				ASSETCATALOG_COMPILER_LAUNCHIMAGE_NAME = LaunchImage;
				GCC_PRECOMPILE_PREFIX_HEADER = YES;
				GCC_PREFIX_HEADER = "QconGame/QconGame-Prefix.pch";
				INFOPLIST_FILE = "QconGame/QconGame-Info.plist";
				PRODUCT_NAME = "$(TARGET_NAME)";
				SPRITEKIT_TEXTURE_ATLAS_OUTPUT = YES;
				WRAPPER_EXTENSION = app;
			};
			name = Release;
		};
		EC3EC50418E710DC00FE54BE /* Debug */ = {
			isa = XCBuildConfiguration;
			buildSettings = {
				BUNDLE_LOADER = "$(BUILT_PRODUCTS_DIR)/QconGame.app/QconGame";
				FRAMEWORK_SEARCH_PATHS = (
					"$(SDKROOT)/Developer/Library/Frameworks",
					"$(inherited)",
					"$(DEVELOPER_FRAMEWORKS_DIR)",
				);
				GCC_PRECOMPILE_PREFIX_HEADER = YES;
				GCC_PREFIX_HEADER = "QconGame/QconGame-Prefix.pch";
				GCC_PREPROCESSOR_DEFINITIONS = (
					"DEBUG=1",
					"$(inherited)",
				);
				INFOPLIST_FILE = "QconGameTests/QconGameTests-Info.plist";
				PRODUCT_NAME = "$(TARGET_NAME)";
				TEST_HOST = "$(BUNDLE_LOADER)";
				WRAPPER_EXTENSION = xctest;
			};
			name = Debug;
		};
		EC3EC50518E710DC00FE54BE /* Release */ = {
			isa = XCBuildConfiguration;
			buildSettings = {
				BUNDLE_LOADER = "$(BUILT_PRODUCTS_DIR)/QconGame.app/QconGame";
				FRAMEWORK_SEARCH_PATHS = (
					"$(SDKROOT)/Developer/Library/Frameworks",
					"$(inherited)",
					"$(DEVELOPER_FRAMEWORKS_DIR)",
				);
				GCC_PRECOMPILE_PREFIX_HEADER = YES;
				GCC_PREFIX_HEADER = "QconGame/QconGame-Prefix.pch";
				INFOPLIST_FILE = "QconGameTests/QconGameTests-Info.plist";
				PRODUCT_NAME = "$(TARGET_NAME)";
				TEST_HOST = "$(BUNDLE_LOADER)";
				WRAPPER_EXTENSION = xctest;
			};
			name = Release;
		};
/* End XCBuildConfiguration section */

/* Begin XCConfigurationList section */
		EC3EC4BF18E710DC00FE54BE /* Build configuration list for PBXProject "QconGame" */ = {
			isa = XCConfigurationList;
			buildConfigurations = (
				EC3EC4FE18E710DC00FE54BE /* Debug */,
				EC3EC4FF18E710DC00FE54BE /* Release */,
			);
			defaultConfigurationIsVisible = 0;
			defaultConfigurationName = Release;
		};
		EC3EC50018E710DC00FE54BE /* Build configuration list for PBXNativeTarget "QconGame" */ = {
			isa = XCConfigurationList;
			buildConfigurations = (
				EC3EC50118E710DC00FE54BE /* Debug */,
				EC3EC50218E710DC00FE54BE /* Release */,
			);
			defaultConfigurationIsVisible = 0;
		};
		EC3EC50318E710DC00FE54BE /* Build configuration list for PBXNativeTarget "QconGameTests" */ = {
			isa = XCConfigurationList;
			buildConfigurations = (
				EC3EC50418E710DC00FE54BE /* Debug */,
				EC3EC50518E710DC00FE54BE /* Release */,
			);
			defaultConfigurationIsVisible = 0;
		};
/* End XCConfigurationList section */
	};
	rootObject = EC3EC4BC18E710DC00FE54BE /* Project object */;
}
